
Microsoft Visual Studio Solution File, Format Version 12.00
# Visual Studio Version 17
VisualStudioVersion = 17.6.33829.357
MinimumVisualStudioVersion = 10.0.40219.1
Project("{9A19103F-16F7-4668-BE54-9A1E7A4F7556}") = "Singleton", "Singleton\Singleton.csproj", "{AAD52E63-7E46-4919-9F37-76F6FD00CF4C}"
EndProject
Project("{9A19103F-16F7-4668-BE54-9A1E7A4F7556}") = "AbstractFactory", "AbstractFactory\AbstractFactory.csproj", "{29B77892-9B7B-4566-8317-4362B51D67BB}"
EndProject
Project("{9A19103F-16F7-4668-BE54-9A1E7A4F7556}") = "SimpleFactory", "SimpleFactory\SimpleFactory.csproj", "{6CE54DB7-7FB7-45B2-A10F-96AB65EA1E64}"
EndProject
Project("{9A19103F-16F7-4668-BE54-9A1E7A4F7556}") = "FactoryMethod", "FactoryMethod\FactoryMethod.csproj", "{845B05C9-A7EE-408A-A595-35A3B8077523}"
EndProject
Project("{9A19103F-16F7-4668-BE54-9A1E7A4F7556}") = "FactoryStarterCode", "FactoryStarterCode\FactoryStarterCode.csproj", "{60261E70-4D2A-413A-A67D-56E7CE94AC31}"
EndProject
Project("{FAE04EC0-301F-11D3-BF4B-00C04F79EFBC}") = "Strategy", "Strategy\Strategy.csproj", "{DBA02A4D-06A9-4F82-A620-599D45673F03}"
EndProject
Project("{FAE04EC0-301F-11D3-BF4B-00C04F79EFBC}") = "Builder", "Builder\Builder.csproj", "{B5BEECEF-E9D9-494D-8311-A89C1F9D8121}"
EndProject
Project("{FAE04EC0-301F-11D3-BF4B-00C04F79EFBC}") = "Strategy.Before", "Strategy.Before\Strategy.Before.csproj", "{94AC6035-511D-42EE-B94E-14EF6F0610FD}"
EndProject
Global
	GlobalSection(SolutionConfigurationPlatforms) = preSolution
		Debug|Any CPU = Debug|Any CPU
		Release|Any CPU = Release|Any CPU
	EndGlobalSection
	GlobalSection(ProjectConfigurationPlatforms) = postSolution
		{AAD52E63-7E46-4919-9F37-76F6FD00CF4C}.Debug|Any CPU.ActiveCfg = Debug|Any CPU
		{AAD52E63-7E46-4919-9F37-76F6FD00CF4C}.Debug|Any CPU.Build.0 = Debug|Any CPU
		{AAD52E63-7E46-4919-9F37-76F6FD00CF4C}.Release|Any CPU.ActiveCfg = Release|Any CPU
		{AAD52E63-7E46-4919-9F37-76F6FD00CF4C}.Release|Any CPU.Build.0 = Release|Any CPU
		{29B77892-9B7B-4566-8317-4362B51D67BB}.Debug|Any CPU.ActiveCfg = Debug|Any CPU
		{29B77892-9B7B-4566-8317-4362B51D67BB}.Debug|Any CPU.Build.0 = Debug|Any CPU
		{29B77892-9B7B-4566-8317-4362B51D67BB}.Release|Any CPU.ActiveCfg = Release|Any CPU
		{29B77892-9B7B-4566-8317-4362B51D67BB}.Release|Any CPU.Build.0 = Release|Any CPU
		{6CE54DB7-7FB7-45B2-A10F-96AB65EA1E64}.Debug|Any CPU.ActiveCfg = Debug|Any CPU
		{6CE54DB7-7FB7-45B2-A10F-96AB65EA1E64}.Debug|Any CPU.Build.0 = Debug|Any CPU
		{6CE54DB7-7FB7-45B2-A10F-96AB65EA1E64}.Release|Any CPU.ActiveCfg = Release|Any CPU
		{6CE54DB7-7FB7-45B2-A10F-96AB65EA1E64}.Release|Any CPU.Build.0 = Release|Any CPU
		{845B05C9-A7EE-408A-A595-35A3B8077523}.Debug|Any CPU.ActiveCfg = Debug|Any CPU
		{845B05C9-A7EE-408A-A595-35A3B8077523}.Debug|Any CPU.Build.0 = Debug|Any CPU
		{845B05C9-A7EE-408A-A595-35A3B8077523}.Release|Any CPU.ActiveCfg = Release|Any CPU
		{845B05C9-A7EE-408A-A595-35A3B8077523}.Release|Any CPU.Build.0 = Release|Any CPU
		{60261E70-4D2A-413A-A67D-56E7CE94AC31}.Debug|Any CPU.ActiveCfg = Debug|Any CPU
		{60261E70-4D2A-413A-A67D-56E7CE94AC31}.Debug|Any CPU.Build.0 = Debug|Any CPU
		{60261E70-4D2A-413A-A67D-56E7CE94AC31}.Release|Any CPU.ActiveCfg = Release|Any CPU
		{60261E70-4D2A-413A-A67D-56E7CE94AC31}.Release|Any CPU.Build.0 = Release|Any CPU
		{DBA02A4D-06A9-4F82-A620-599D45673F03}.Debug|Any CPU.ActiveCfg = Debug|Any CPU
		{DBA02A4D-06A9-4F82-A620-599D45673F03}.Debug|Any CPU.Build.0 = Debug|Any CPU
		{DBA02A4D-06A9-4F82-A620-599D45673F03}.Release|Any CPU.ActiveCfg = Release|Any CPU
		{DBA02A4D-06A9-4F82-A620-599D45673F03}.Release|Any CPU.Build.0 = Release|Any CPU
		{B5BEECEF-E9D9-494D-8311-A89C1F9D8121}.Debug|Any CPU.ActiveCfg = Debug|Any CPU
		{B5BEECEF-E9D9-494D-8311-A89C1F9D8121}.Debug|Any CPU.Build.0 = Debug|Any CPU
		{B5BEECEF-E9D9-494D-8311-A89C1F9D8121}.Release|Any CPU.ActiveCfg = Release|Any CPU
		{B5BEECEF-E9D9-494D-8311-A89C1F9D8121}.Release|Any CPU.Build.0 = Release|Any CPU
		{94AC6035-511D-42EE-B94E-14EF6F0610FD}.Debug|Any CPU.ActiveCfg = Debug|Any CPU
		{94AC6035-511D-42EE-B94E-14EF6F0610FD}.Debug|Any CPU.Build.0 = Debug|Any CPU
		{94AC6035-511D-42EE-B94E-14EF6F0610FD}.Release|Any CPU.ActiveCfg = Release|Any CPU
		{94AC6035-511D-42EE-B94E-14EF6F0610FD}.Release|Any CPU.Build.0 = Release|Any CPU
	EndGlobalSection
	GlobalSection(SolutionProperties) = preSolution
		HideSolutionNode = FALSE
	EndGlobalSection
	GlobalSection(ExtensibilityGlobals) = postSolution
		SolutionGuid = {B3D7A1D8-F5D3-439E-B7AF-92250B36EBC8}
	EndGlobalSection
EndGlobal
